lockfileVersion: '9.0'

settings:
  autoInstallPeers: true
  excludeLinksFromLockfile: false

importers:

  .:
    dependencies:
      usb:
        specifier: ^2.13.0
        version: 2.13.0

packages:

  '@types/w3c-web-usb@1.0.10':
    resolution: {integrity: sha512-CHgUI5kTc/QLMP8hODUHhge0D4vx+9UiAwIGiT0sTy/B2XpdX1U5rJt6JSISgr6ikRT7vxV9EVAFeYZqUnl1gQ==}

  node-addon-api@8.0.0:
    resolution: {integrity: sha512-ipO7rsHEBqa9STO5C5T10fj732ml+5kLN1cAG8/jdHd56ldQeGj3Q7+scUS+VHK/qy1zLEwC4wMK5+yM0btPvw==}
    engines: {node: ^18 || ^20 || >= 21}

  node-gyp-build@4.8.1:
    resolution: {integrity: sha512-OSs33Z9yWr148JZcbZd5WiAXhh/n9z8TxQcdMhIOlpN9AhWpLfvVFO73+m77bBABQMaY9XSvIa+qk0jlI7Gcaw==}
    hasBin: true

  usb@2.13.0:
    resolution: {integrity: sha512-pTNKyxD1DfC1DYu8kFcIdpE8f33e0c2Sbmmi0HEs28HTVC555uocvYR1g5DDv4CBibacCh4BqRyYZJylN4mBbw==}
    engines: {node: '>=12.22.0 <13.0 || >=14.17.0'}

snapshots:

  '@types/w3c-web-usb@1.0.10': {}

  node-addon-api@8.0.0: {}

  node-gyp-build@4.8.1: {}

  usb@2.13.0:
    dependencies:
      '@types/w3c-web-usb': 1.0.10
      node-addon-api: 8.0.0
      node-gyp-build: 4.8.1
